
Microsoft Visual Studio Solution File, Format Version 12.00
# Visual Studio 15
VisualStudioVersion = 15.0.26124.0
MinimumVisualStudioVersion = 15.0.26124.0
Project("{2150E333-8FDC-42A3-9474-1A3956D46DE8}") = "src", "src", "{1087CAF8-EAB3-40D9-9FC2-AB21534A8323}"
EndProject
Project("{FAE04EC0-301F-11D3-BF4B-00C04F79EFBC}") = "perfmonCollectCounterData", "src\perfmonCollectCounterData\perfmonCollectCounterData.csproj", "{87B2A654-2659-4E18-BAA0-860CD13E08FD}"
EndProject
Project("{FAE04EC0-301F-11D3-BF4B-00C04F79EFBC}") = "selectCmDeviceExt_HttpClient", "src\selectCmDeviceExt_HttpClient\selectCmDeviceExt_HttpClient.csproj", "{C4792FDF-FF62-47C9-97A3-F06E129B7C0C}"
EndProject
Global
	GlobalSection(SolutionConfigurationPlatforms) = preSolution
		Debug|Any CPU = Debug|Any CPU
		Debug|x64 = Debug|x64
		Debug|x86 = Debug|x86
		Release|Any CPU = Release|Any CPU
		Release|x64 = Release|x64
		Release|x86 = Release|x86
	EndGlobalSection
	GlobalSection(SolutionProperties) = preSolution
		HideSolutionNode = FALSE
	EndGlobalSection
	GlobalSection(ProjectConfigurationPlatforms) = postSolution
		{87B2A654-2659-4E18-BAA0-860CD13E08FD}.Debug|Any CPU.ActiveCfg = Debug|Any CPU
		{87B2A654-2659-4E18-BAA0-860CD13E08FD}.Debug|Any CPU.Build.0 = Debug|Any CPU
		{87B2A654-2659-4E18-BAA0-860CD13E08FD}.Debug|x64.ActiveCfg = Debug|Any CPU
		{87B2A654-2659-4E18-BAA0-860CD13E08FD}.Debug|x64.Build.0 = Debug|Any CPU
		{87B2A654-2659-4E18-BAA0-860CD13E08FD}.Debug|x86.ActiveCfg = Debug|Any CPU
		{87B2A654-2659-4E18-BAA0-860CD13E08FD}.Debug|x86.Build.0 = Debug|Any CPU
		{87B2A654-2659-4E18-BAA0-860CD13E08FD}.Release|Any CPU.ActiveCfg = Release|Any CPU
		{87B2A654-2659-4E18-BAA0-860CD13E08FD}.Release|Any CPU.Build.0 = Release|Any CPU
		{87B2A654-2659-4E18-BAA0-860CD13E08FD}.Release|x64.ActiveCfg = Release|Any CPU
		{87B2A654-2659-4E18-BAA0-860CD13E08FD}.Release|x64.Build.0 = Release|Any CPU
		{87B2A654-2659-4E18-BAA0-860CD13E08FD}.Release|x86.ActiveCfg = Release|Any CPU
		{87B2A654-2659-4E18-BAA0-860CD13E08FD}.Release|x86.Build.0 = Release|Any CPU
		{C4792FDF-FF62-47C9-97A3-F06E129B7C0C}.Debug|Any CPU.ActiveCfg = Debug|Any CPU
		{C4792FDF-FF62-47C9-97A3-F06E129B7C0C}.Debug|Any CPU.Build.0 = Debug|Any CPU
		{C4792FDF-FF62-47C9-97A3-F06E129B7C0C}.Debug|x64.ActiveCfg = Debug|Any CPU
		{C4792FDF-FF62-47C9-97A3-F06E129B7C0C}.Debug|x64.Build.0 = Debug|Any CPU
		{C4792FDF-FF62-47C9-97A3-F06E129B7C0C}.Debug|x86.ActiveCfg = Debug|Any CPU
		{C4792FDF-FF62-47C9-97A3-F06E129B7C0C}.Debug|x86.Build.0 = Debug|Any CPU
		{C4792FDF-FF62-47C9-97A3-F06E129B7C0C}.Release|Any CPU.ActiveCfg = Release|Any CPU
		{C4792FDF-FF62-47C9-97A3-F06E129B7C0C}.Release|Any CPU.Build.0 = Release|Any CPU
		{C4792FDF-FF62-47C9-97A3-F06E129B7C0C}.Release|x64.ActiveCfg = Release|Any CPU
		{C4792FDF-FF62-47C9-97A3-F06E129B7C0C}.Release|x64.Build.0 = Release|Any CPU
		{C4792FDF-FF62-47C9-97A3-F06E129B7C0C}.Release|x86.ActiveCfg = Release|Any CPU
		{C4792FDF-FF62-47C9-97A3-F06E129B7C0C}.Release|x86.Build.0 = Release|Any CPU
	EndGlobalSection
	GlobalSection(NestedProjects) = preSolution
		{87B2A654-2659-4E18-BAA0-860CD13E08FD} = {1087CAF8-EAB3-40D9-9FC2-AB21534A8323}
		{C4792FDF-FF62-47C9-97A3-F06E129B7C0C} = {1087CAF8-EAB3-40D9-9FC2-AB21534A8323}
	EndGlobalSection
EndGlobal
